// !$*UTF8*$!
{
	archiveVersion = 1;
	classes = {
	};
	objectVersion = 46;
	objects = {

/* Begin PBXBuildFile section */
		0A125B831D6C503E00EC9126 /* main.m in Sources */ = {isa = PBXBuildFile; fileRef = 0A125B821D6C503E00EC9126 /* main.m */; };
		0A125B861D6C503E00EC9126 /* AppDelegate.m in Sources */ = {isa = PBXBuildFile; fileRef = 0A125B851D6C503E00EC9126 /* AppDelegate.m */; };
		0A125B891D6C503E00EC9126 /* ViewController.m in Sources */ = {isa = PBXBuildFile; fileRef = 0A125B881D6C503E00EC9126 /* ViewController.m */; };
		0A125B8E1D6C503E00EC9126 /* Assets.xcassets in Resources */ = {isa = PBXBuildFile; fileRef = 0A125B8D1D6C503E00EC9126 /* Assets.xcassets */; };
		0A125B911D6C503E00EC9126 /* LaunchScreen.storyboard in Resources */ = {isa = PBXBuildFile; fileRef = 0A125B8F1D6C503E00EC9126 /* LaunchScreen.storyboard */; };
		0A125BC11D6E8B5600EC9126 /* MKAnnotationView+WebCache.m in Sources */ = {isa = PBXBuildFile; fileRef = 0A125BA11D6E8B5600EC9126 /* MKAnnotationView+WebCache.m */; };
		0A125BC21D6E8B5600EC9126 /* NSData+ImageContentType.m in Sources */ = {isa = PBXBuildFile; fileRef = 0A125BA31D6E8B5600EC9126 /* NSData+ImageContentType.m */; };
		0A125BC31D6E8B5600EC9126 /* SDImageCache.m in Sources */ = {isa = PBXBuildFile; fileRef = 0A125BA51D6E8B5600EC9126 /* SDImageCache.m */; };
		0A125BC41D6E8B5600EC9126 /* SDWebImageCompat.m in Sources */ = {isa = PBXBuildFile; fileRef = 0A125BA71D6E8B5600EC9126 /* SDWebImageCompat.m */; };
		0A125BC51D6E8B5600EC9126 /* SDWebImageDecoder.m in Sources */ = {isa = PBXBuildFile; fileRef = 0A125BA91D6E8B5600EC9126 /* SDWebImageDecoder.m */; };
		0A125BC61D6E8B5600EC9126 /* SDWebImageDownloader.m in Sources */ = {isa = PBXBuildFile; fileRef = 0A125BAB1D6E8B5600EC9126 /* SDWebImageDownloader.m */; };
		0A125BC71D6E8B5600EC9126 /* SDWebImageDownloaderOperation.m in Sources */ = {isa = PBXBuildFile; fileRef = 0A125BAD1D6E8B5600EC9126 /* SDWebImageDownloaderOperation.m */; };
		0A125BC81D6E8B5600EC9126 /* SDWebImageManager.m in Sources */ = {isa = PBXBuildFile; fileRef = 0A125BAF1D6E8B5600EC9126 /* SDWebImageManager.m */; };
		0A125BC91D6E8B5600EC9126 /* SDWebImagePrefetcher.m in Sources */ = {isa = PBXBuildFile; fileRef = 0A125BB21D6E8B5600EC9126 /* SDWebImagePrefetcher.m */; };
		0A125BCA1D6E8B5600EC9126 /* UIButton+WebCache.m in Sources */ = {isa = PBXBuildFile; fileRef = 0A125BB41D6E8B5600EC9126 /* UIButton+WebCache.m */; };
		0A125BCB1D6E8B5600EC9126 /* UIImage+GIF.m in Sources */ = {isa = PBXBuildFile; fileRef = 0A125BB61D6E8B5600EC9126 /* UIImage+GIF.m */; };
		0A125BCC1D6E8B5600EC9126 /* UIImage+MultiFormat.m in Sources */ = {isa = PBXBuildFile; fileRef = 0A125BB81D6E8B5600EC9126 /* UIImage+MultiFormat.m */; };
		0A125BCD1D6E8B5600EC9126 /* UIImage+WebP.m in Sources */ = {isa = PBXBuildFile; fileRef = 0A125BBA1D6E8B5600EC9126 /* UIImage+WebP.m */; };
		0A125BCE1D6E8B5600EC9126 /* UIImageView+HighlightedWebCache.m in Sources */ = {isa = PBXBuildFile; fileRef = 0A125BBC1D6E8B5600EC9126 /* UIImageView+HighlightedWebCache.m */; };
		0A125BCF1D6E8B5600EC9126 /* UIImageView+WebCache.m in Sources */ = {isa = PBXBuildFile; fileRef = 0A125BBE1D6E8B5600EC9126 /* UIImageView+WebCache.m */; };
		0A125BD01D6E8B5600EC9126 /* UIView+WebCacheOperation.m in Sources */ = {isa = PBXBuildFile; fileRef = 0A125BC01D6E8B5600EC9126 /* UIView+WebCacheOperation.m */; };
		0A125BE31D6EDDFD00EC9126 /* ItemModel.m in Sources */ = {isa = PBXBuildFile; fileRef = 0A125BE21D6EDDFD00EC9126 /* ItemModel.m */; };
		0A125BE71D6EFD7300EC9126 /* HomeOnlyPicScrollTableCell.m in Sources */ = {isa = PBXBuildFile; fileRef = 0A125BE61D6EFD7300EC9126 /* HomeOnlyPicScrollTableCell.m */; };
		0A125BEA1D6EFDFF00EC9126 /* HLJCycleScrollView.m in Sources */ = {isa = PBXBuildFile; fileRef = 0A125BE91D6EFDFF00EC9126 /* HLJCycleScrollView.m */; };
		0A125BED1D6EFFB900EC9126 /* HomeOnlyPicCollectionCell.m in Sources */ = {isa = PBXBuildFile; fileRef = 0A125BEC1D6EFFB900EC9126 /* HomeOnlyPicCollectionCell.m */; };
		0A125BF11D6F007800EC9126 /* HomeLeftImageRightTitleTableCell.m in Sources */ = {isa = PBXBuildFile; fileRef = 0A125BF01D6F007800EC9126 /* HomeLeftImageRightTitleTableCell.m */; };
		0A125BF41D6F00A900EC9126 /* HomeLeftImageRightTableCollectionCell.m in Sources */ = {isa = PBXBuildFile; fileRef = 0A125BF31D6F00A900EC9126 /* HomeLeftImageRightTableCollectionCell.m */; };
/* End PBXBuildFile section */

/* Begin PBXFileReference section */
		0A125B7E1D6C503E00EC9126 /* HLJCycleScrollView.app */ = {isa = PBXFileReference; explicitFileType = wrapper.application; includeInIndex = 0; path = HLJCycleScrollView.app; sourceTree = BUILT_PRODUCTS_DIR; };
		0A125B821D6C503E00EC9126 /* main.m */ = {isa = PBXFileReference; lastKnownFileType = sourcecode.c.objc; path = main.m; sourceTree = "<group>"; };
		0A125B841D6C503E00EC9126 /* AppDelegate.h */ = {isa = PBXFileReference; lastKnownFileType = sourcecode.c.h; path = AppDelegate.h; sourceTree = "<group>"; };
		0A125B851D6C503E00EC9126 /* AppDelegate.m */ = {isa = PBXFileReference; lastKnownFileType = sourcecode.c.objc; path = AppDelegate.m; sourceTree = "<group>"; };
		0A125B871D6C503E00EC9126 /* ViewController.h */ = {isa = PBXFileReference; lastKnownFileType = sourcecode.c.h; path = ViewController.h; sourceTree = "<group>"; };
		0A125B881D6C503E00EC9126 /* ViewController.m */ = {isa = PBXFileReference; lastKnownFileType = sourcecode.c.objc; path = ViewController.m; sourceTree = "<group>"; };
		0A125B8D1D6C503E00EC9126 /* Assets.xcassets */ = {isa = PBXFileReference; lastKnownFileType = folder.assetcatalog; path = Assets.xcassets; sourceTree = "<group>"; };
		0A125B901D6C503E00EC9126 /* Base */ = {isa = PBXFileReference; lastKnownFileType = file.storyboard; name = Base; path = Base.lproj/LaunchScreen.storyboard; sourceTree = "<group>"; };
		0A125B921D6C503E00EC9126 /* Info.plist */ = {isa = PBXFileReference; lastKnownFileType = text.plist.xml; path = Info.plist; sourceTree = "<group>"; };
		0A125BA01D6E8B5600EC9126 /* MKAnnotationView+WebCache.h */ = {isa = PBXFileReference; fileEncoding = 4; lastKnownFileType = sourcecode.c.h; path = "MKAnnotationView+WebCache.h"; sourceTree = "<group>"; };
		0A125BA11D6E8B5600EC9126 /* MKAnnotationView+WebCache.m */ = {isa = PBXFileReference; fileEncoding = 4; lastKnownFileType = sourcecode.c.objc; path = "MKAnnotationView+WebCache.m"; sourceTree = "<group>"; };
		0A125BA21D6E8B5600EC9126 /* NSData+ImageContentType.h */ = {isa = PBXFileReference; fileEncoding = 4; lastKnownFileType = sourcecode.c.h; path = "NSData+ImageContentType.h"; sourceTree = "<group>"; };
		0A125BA31D6E8B5600EC9126 /* NSData+ImageContentType.m */ = {isa = PBXFileReference; fileEncoding = 4; lastKnownFileType = sourcecode.c.objc; path = "NSData+ImageContentType.m"; sourceTree = "<group>"; };
		0A125BA41D6E8B5600EC9126 /* SDImageCache.h */ = {isa = PBXFileReference; fileEncoding = 4; lastKnownFileType = sourcecode.c.h; path = SDImageCache.h; sourceTree = "<group>"; };
		0A125BA51D6E8B5600EC9126 /* SDImageCache.m */ = {isa = PBXFileReference; fileEncoding = 4; lastKnownFileType = sourcecode.c.objc; path = SDImageCache.m; sourceTree = "<group>"; };
		0A125BA61D6E8B5600EC9126 /* SDWebImageCompat.h */ = {isa = PBXFileReference; fileEncoding = 4; lastKnownFileType = sourcecode.c.h; path = SDWebImageCompat.h; sourceTree = "<group>"; };
		0A125BA71D6E8B5600EC9126 /* SDWebImageCompat.m */ = {isa = PBXFileReference; fileEncoding = 4; lastKnownFileType = sourcecode.c.objc; path = SDWebImageCompat.m; sourceTree = "<group>"; };
		0A125BA81D6E8B5600EC9126 /* SDWebImageDecoder.h */ = {isa = PBXFileReference; fileEncoding = 4; lastKnownFileType = sourcecode.c.h; path = SDWebImageDecoder.h; sourceTree = "<group>"; };
		0A125BA91D6E8B5600EC9126 /* SDWebImageDecoder.m */ = {isa = PBXFileReference; fileEncoding = 4; lastKnownFileType = sourcecode.c.objc; path = SDWebImageDecoder.m; sourceTree = "<group>"; };
		0A125BAA1D6E8B5600EC9126 /* SDWebImageDownloader.h */ = {isa = PBXFileReference; fileEncoding = 4; lastKnownFileType = sourcecode.c.h; path = SDWebImageDownloader.h; sourceTree = "<group>"; };
		0A125BAB1D6E8B5600EC9126 /* SDWebImageDownloader.m */ = {isa = PBXFileReference; fileEncoding = 4; lastKnownFileType = sourcecode.c.objc; path = SDWebImageDownloader.m; sourceTree = "<group>"; };
		0A125BAC1D6E8B5600EC9126 /* SDWebImageDownloaderOperation.h */ = {isa = PBXFileReference; fileEncoding = 4; lastKnownFileType = sourcecode.c.h; path = SDWebImageDownloaderOperation.h; sourceTree = "<group>"; };
		0A125BAD1D6E8B5600EC9126 /* SDWebImageDownloaderOperation.m */ = {isa = PBXFileReference; fileEncoding = 4; lastKnownFileType = sourcecode.c.objc; path = SDWebImageDownloaderOperation.m; sourceTree = "<group>"; };
		0A125BAE1D6E8B5600EC9126 /* SDWebImageManager.h */ = {isa = PBXFileReference; fileEncoding = 4; lastKnownFileType = sourcecode.c.h; path = SDWebImageManager.h; sourceTree = "<group>"; };
		0A125BAF1D6E8B5600EC9126 /* SDWebImageManager.m */ = {isa = PBXFileReference; fileEncoding = 4; lastKnownFileType = sourcecode.c.objc; path = SDWebImageManager.m; sourceTree = "<group>"; };
		0A125BB01D6E8B5600EC9126 /* SDWebImageOperation.h */ = {isa = PBXFileReference; fileEncoding = 4; lastKnownFileType = sourcecode.c.h; path = SDWebImageOperation.h; sourceTree = "<group>"; };
		0A125BB11D6E8B5600EC9126 /* SDWebImagePrefetcher.h */ = {isa = PBXFileReference; fileEncoding = 4; lastKnownFileType = sourcecode.c.h; path = SDWebImagePrefetcher.h; sourceTree = "<group>"; };
		0A125BB21D6E8B5600EC9126 /* SDWebImagePrefetcher.m */ = {isa = PBXFileReference; fileEncoding = 4; lastKnownFileType = sourcecode.c.objc; path = SDWebImagePrefetcher.m; sourceTree = "<group>"; };
		0A125BB31D6E8B5600EC9126 /* UIButton+WebCache.h */ = {isa = PBXFileReference; fileEncoding = 4; lastKnownFileType = sourcecode.c.h; path = "UIButton+WebCache.h"; sourceTree = "<group>"; };
		0A125BB41D6E8B5600EC9126 /* UIButton+WebCache.m */ = {isa = PBXFileReference; fileEncoding = 4; lastKnownFileType = sourcecode.c.objc; path = "UIButton+WebCache.m"; sourceTree = "<group>"; };
		0A125BB51D6E8B5600EC9126 /* UIImage+GIF.h */ = {isa = PBXFileReference; fileEncoding = 4; lastKnownFileType = sourcecode.c.h; path = "UIImage+GIF.h"; sourceTree = "<group>"; };
		0A125BB61D6E8B5600EC9126 /* UIImage+GIF.m */ = {isa = PBXFileReference; fileEncoding = 4; lastKnownFileType = sourcecode.c.objc; path = "UIImage+GIF.m"; sourceTree = "<group>"; };
		0A125BB71D6E8B5600EC9126 /* UIImage+MultiFormat.h */ = {isa = PBXFileReference; fileEncoding = 4; lastKnownFileType = sourcecode.c.h; path = "UIImage+MultiFormat.h"; sourceTree = "<group>"; };
		0A125BB81D6E8B5600EC9126 /* UIImage+MultiFormat.m */ = {isa = PBXFileReference; fileEncoding = 4; lastKnownFileType = sourcecode.c.objc; path = "UIImage+MultiFormat.m"; sourceTree = "<group>"; };
		0A125BB91D6E8B5600EC9126 /* UIImage+WebP.h */ = {isa = PBXFileReference; fileEncoding = 4; lastKnownFileType = sourcecode.c.h; path = "UIImage+WebP.h"; sourceTree = "<group>"; };
		0A125BBA1D6E8B5600EC9126 /* UIImage+WebP.m */ = {isa = PBXFileReference; fileEncoding = 4; lastKnownFileType = sourcecode.c.objc; path = "UIImage+WebP.m"; sourceTree = "<group>"; };
		0A125BBB1D6E8B5600EC9126 /* UIImageView+HighlightedWebCache.h */ = {isa = PBXFileReference; fileEncoding = 4; lastKnownFileType = sourcecode.c.h; path = "UIImageView+HighlightedWebCache.h"; sourceTree = "<group>"; };
		0A125BBC1D6E8B5600EC9126 /* UIImageView+HighlightedWebCache.m */ = {isa = PBXFileReference; fileEncoding = 4; lastKnownFileType = sourcecode.c.objc; path = "UIImageView+HighlightedWebCache.m"; sourceTree = "<group>"; };
		0A125BBD1D6E8B5600EC9126 /* UIImageView+WebCache.h */ = {isa = PBXFileReference; fileEncoding = 4; lastKnownFileType = sourcecode.c.h; path = "UIImageView+WebCache.h"; sourceTree = "<group>"; };
		0A125BBE1D6E8B5600EC9126 /* UIImageView+WebCache.m */ = {isa = PBXFileReference; fileEncoding = 4; lastKnownFileType = sourcecode.c.objc; path = "UIImageView+WebCache.m"; sourceTree = "<group>"; };
		0A125BBF1D6E8B5600EC9126 /* UIView+WebCacheOperation.h */ = {isa = PBXFileReference; fileEncoding = 4; lastKnownFileType = sourcecode.c.h; path = "UIView+WebCacheOperation.h"; sourceTree = "<group>"; };
		0A125BC01D6E8B5600EC9126 /* UIView+WebCacheOperation.m */ = {isa = PBXFileReference; fileEncoding = 4; lastKnownFileType = sourcecode.c.objc; path = "UIView+WebCacheOperation.m"; sourceTree = "<group>"; };
		0A125BE11D6EDDFD00EC9126 /* ItemModel.h */ = {isa = PBXFileReference; fileEncoding = 4; lastKnownFileType = sourcecode.c.h; path = ItemModel.h; sourceTree = "<group>"; };
		0A125BE21D6EDDFD00EC9126 /* ItemModel.m */ = {isa = PBXFileReference; fileEncoding = 4; lastKnownFileType = sourcecode.c.objc; path = ItemModel.m; sourceTree = "<group>"; };
		0A125BE51D6EFD7300EC9126 /* HomeOnlyPicScrollTableCell.h */ = {isa = PBXFileReference; fileEncoding = 4; lastKnownFileType = sourcecode.c.h; path = HomeOnlyPicScrollTableCell.h; sourceTree = "<group>"; };
		0A125BE61D6EFD7300EC9126 /* HomeOnlyPicScrollTableCell.m */ = {isa = PBXFileReference; fileEncoding = 4; lastKnownFileType = sourcecode.c.objc; path = HomeOnlyPicScrollTableCell.m; sourceTree = "<group>"; };
		0A125BE81D6EFDFF00EC9126 /* HLJCycleScrollView.h */ = {isa = PBXFileReference; fileEncoding = 4; lastKnownFileType = sourcecode.c.h; path = HLJCycleScrollView.h; sourceTree = "<group>"; };
		0A125BE91D6EFDFF00EC9126 /* HLJCycleScrollView.m */ = {isa = PBXFileReference; fileEncoding = 4; lastKnownFileType = sourcecode.c.objc; path = HLJCycleScrollView.m; sourceTree = "<group>"; };
		0A125BEB1D6EFFB900EC9126 /* HomeOnlyPicCollectionCell.h */ = {isa = PBXFileReference; fileEncoding = 4; lastKnownFileType = sourcecode.c.h; path = HomeOnlyPicCollectionCell.h; sourceTree = "<group>"; };
		0A125BEC1D6EFFB900EC9126 /* HomeOnlyPicCollectionCell.m */ = {isa = PBXFileReference; fileEncoding = 4; lastKnownFileType = sourcecode.c.objc; path = HomeOnlyPicCollectionCell.m; sourceTree = "<group>"; };
		0A125BEF1D6F007800EC9126 /* HomeLeftImageRightTitleTableCell.h */ = {isa = PBXFileReference; fileEncoding = 4; lastKnownFileType = sourcecode.c.h; path = HomeLeftImageRightTitleTableCell.h; sourceTree = "<group>"; };
		0A125BF01D6F007800EC9126 /* HomeLeftImageRightTitleTableCell.m */ = {isa = PBXFileReference; fileEncoding = 4; lastKnownFileType = sourcecode.c.objc; path = HomeLeftImageRightTitleTableCell.m; sourceTree = "<group>"; };
		0A125BF21D6F00A900EC9126 /* HomeLeftImageRightTableCollectionCell.h */ = {isa = PBXFileReference; fileEncoding = 4; lastKnownFileType = sourcecode.c.h; path = HomeLeftImageRightTableCollectionCell.h; sourceTree = "<group>"; };
		0A125BF31D6F00A900EC9126 /* HomeLeftImageRightTableCollectionCell.m */ = {isa = PBXFileReference; fileEncoding = 4; lastKnownFileType = sourcecode.c.objc; path = HomeLeftImageRightTableCollectionCell.m; sourceTree = "<group>"; };
/* End PBXFileReference section */

/* Begin PBXFrameworksBuildPhase section */
		0A125B7B1D6C503E00EC9126 /* Frameworks */ = {
			isa = PBXFrameworksBuildPhase;
			buildActionMask = 2147483647;
			files = (
			);
			runOnlyForDeploymentPostprocessing = 0;
		};
/* End PBXFrameworksBuildPhase section */

/* Begin PBXGroup section */
		0A125B751D6C503E00EC9126 = {
			isa = PBXGroup;
			children = (
				0A125B801D6C503E00EC9126 /* HLJCycleScrollView */,
				0A125B7F1D6C503E00EC9126 /* Products */,
			);
			sourceTree = "<group>";
		};
		0A125B7F1D6C503E00EC9126 /* Products */ = {
			isa = PBXGroup;
			children = (
				0A125B7E1D6C503E00EC9126 /* HLJCycleScrollView.app */,
			);
			name = Products;
			sourceTree = "<group>";
		};
		0A125B801D6C503E00EC9126 /* HLJCycleScrollView */ = {
			isa = PBXGroup;
			children = (
				0A125B841D6C503E00EC9126 /* AppDelegate.h */,
				0A125B851D6C503E00EC9126 /* AppDelegate.m */,
				0A125B871D6C503E00EC9126 /* ViewController.h */,
				0A125B881D6C503E00EC9126 /* ViewController.m */,
				0A125BE11D6EDDFD00EC9126 /* ItemModel.h */,
				0A125BE21D6EDDFD00EC9126 /* ItemModel.m */,
				0A125BD71D6ECBFD00EC9126 /* cell */,
				0A125B9F1D6E8B5600EC9126 /* SDWebImage */,
				0A125B981D6C512400EC9126 /* HLJCycleScrollView */,
				0A125B8D1D6C503E00EC9126 /* Assets.xcassets */,
				0A125B8F1D6C503E00EC9126 /* LaunchScreen.storyboard */,
				0A125B921D6C503E00EC9126 /* Info.plist */,
				0A125B811D6C503E00EC9126 /* Supporting Files */,
			);
			path = HLJCycleScrollView;
			sourceTree = "<group>";
		};
		0A125B811D6C503E00EC9126 /* Supporting Files */ = {
			isa = PBXGroup;
			children = (
				0A125B821D6C503E00EC9126 /* main.m */,
			);
			name = "Supporting Files";
			sourceTree = "<group>";
		};
		0A125B981D6C512400EC9126 /* HLJCycleScrollView */ = {
			isa = PBXGroup;
			children = (
				0A125BE81D6EFDFF00EC9126 /* HLJCycleScrollView.h */,
				0A125BE91D6EFDFF00EC9126 /* HLJCycleScrollView.m */,
			);
			path = HLJCycleScrollView;
			sourceTree = "<group>";
		};
		0A125B9F1D6E8B5600EC9126 /* SDWebImage */ = {
			isa = PBXGroup;
			children = (
				0A125BA01D6E8B5600EC9126 /* MKAnnotationView+WebCache.h */,
				0A125BA11D6E8B5600EC9126 /* MKAnnotationView+WebCache.m */,
				0A125BA21D6E8B5600EC9126 /* NSData+ImageContentType.h */,
				0A125BA31D6E8B5600EC9126 /* NSData+ImageContentType.m */,
				0A125BA41D6E8B5600EC9126 /* SDImageCache.h */,
				0A125BA51D6E8B5600EC9126 /* SDImageCache.m */,
				0A125BA61D6E8B5600EC9126 /* SDWebImageCompat.h */,
				0A125BA71D6E8B5600EC9126 /* SDWebImageCompat.m */,
				0A125BA81D6E8B5600EC9126 /* SDWebImageDecoder.h */,
				0A125BA91D6E8B5600EC9126 /* SDWebImageDecoder.m */,
				0A125BAA1D6E8B5600EC9126 /* SDWebImageDownloader.h */,
				0A125BAB1D6E8B5600EC9126 /* SDWebImageDownloader.m */,
				0A125BAC1D6E8B5600EC9126 /* SDWebImageDownloaderOperation.h */,
				0A125BAD1D6E8B5600EC9126 /* SDWebImageDownloaderOperation.m */,
				0A125BAE1D6E8B5600EC9126 /* SDWebImageManager.h */,
				0A125BAF1D6E8B5600EC9126 /* SDWebImageManager.m */,
				0A125BB01D6E8B5600EC9126 /* SDWebImageOperation.h */,
				0A125BB11D6E8B5600EC9126 /* SDWebImagePrefetcher.h */,
				0A125BB21D6E8B5600EC9126 /* SDWebImagePrefetcher.m */,
				0A125BB31D6E8B5600EC9126 /* UIButton+WebCache.h */,
				0A125BB41D6E8B5600EC9126 /* UIButton+WebCache.m */,
				0A125BB51D6E8B5600EC9126 /* UIImage+GIF.h */,
				0A125BB61D6E8B5600EC9126 /* UIImage+GIF.m */,
				0A125BB71D6E8B5600EC9126 /* UIImage+MultiFormat.h */,
				0A125BB81D6E8B5600EC9126 /* UIImage+MultiFormat.m */,
				0A125BB91D6E8B5600EC9126 /* UIImage+WebP.h */,
				0A125BBA1D6E8B5600EC9126 /* UIImage+WebP.m */,
				0A125BBB1D6E8B5600EC9126 /* UIImageView+HighlightedWebCache.h */,
				0A125BBC1D6E8B5600EC9126 /* UIImageView+HighlightedWebCache.m */,
				0A125BBD1D6E8B5600EC9126 /* UIImageView+WebCache.h */,
				0A125BBE1D6E8B5600EC9126 /* UIImageView+WebCache.m */,
				0A125BBF1D6E8B5600EC9126 /* UIView+WebCacheOperation.h */,
				0A125BC01D6E8B5600EC9126 /* UIView+WebCacheOperation.m */,
			);
			path = SDWebImage;
			sourceTree = "<group>";
		};
		0A125BD71D6ECBFD00EC9126 /* cell */ = {
			isa = PBXGroup;
			children = (
				0A125BEE1D6F005000EC9126 /* LeftImageRightTitle */,
				0A125BE41D6EFD3B00EC9126 /* OnlyPic */,
			);
			path = cell;
			sourceTree = "<group>";
		};
		0A125BE41D6EFD3B00EC9126 /* OnlyPic */ = {
			isa = PBXGroup;
			children = (
				0A125BE51D6EFD7300EC9126 /* HomeOnlyPicScrollTableCell.h */,
				0A125BE61D6EFD7300EC9126 /* HomeOnlyPicScrollTableCell.m */,
				0A125BEB1D6EFFB900EC9126 /* HomeOnlyPicCollectionCell.h */,
				0A125BEC1D6EFFB900EC9126 /* HomeOnlyPicCollectionCell.m */,
			);
			path = OnlyPic;
			sourceTree = "<group>";
		};
		0A125BEE1D6F005000EC9126 /* LeftImageRightTitle */ = {
			isa = PBXGroup;
			children = (
				0A125BEF1D6F007800EC9126 /* HomeLeftImageRightTitleTableCell.h */,
				0A125BF01D6F007800EC9126 /* HomeLeftImageRightTitleTableCell.m */,
				0A125BF21D6F00A900EC9126 /* HomeLeftImageRightTableCollectionCell.h */,
				0A125BF31D6F00A900EC9126 /* HomeLeftImageRightTableCollectionCell.m */,
			);
			path = LeftImageRightTitle;
			sourceTree = "<group>";
		};
/* End PBXGroup section */

/* Begin PBXNativeTarget section */
		0A125B7D1D6C503E00EC9126 /* HLJCycleScrollView */ = {
			isa = PBXNativeTarget;
			buildConfigurationList = 0A125B951D6C503E00EC9126 /* Build configuration list for PBXNativeTarget "HLJCycleScrollView" */;
			buildPhases = (
				0A125B7A1D6C503E00EC9126 /* Sources */,
				0A125B7B1D6C503E00EC9126 /* Frameworks */,
				0A125B7C1D6C503E00EC9126 /* Resources */,
			);
			buildRules = (
			);
			dependencies = (
			);
			name = HLJCycleScrollView;
			productName = HLJCycleScrollView;
			productReference = 0A125B7E1D6C503E00EC9126 /* HLJCycleScrollView.app */;
			productType = "com.apple.product-type.application";
		};
/* End PBXNativeTarget section */

/* Begin PBXProject section */
		0A125B761D6C503E00EC9126 /* Project object */ = {
			isa = PBXProject;
			attributes = {
				LastUpgradeCheck = 0730;
				ORGANIZATIONNAME = xiezi;
				TargetAttributes = {
					0A125B7D1D6C503E00EC9126 = {
						CreatedOnToolsVersion = 7.3.1;
						DevelopmentTeam = G9833GDE26;
					};
				};
			};
			buildConfigurationList = 0A125B791D6C503E00EC9126 /* Build configuration list for PBXProject "HLJCycleScrollView" */;
			compatibilityVersion = "Xcode 3.2";
			developmentRegion = English;
			hasScannedForEncodings = 0;
			knownRegions = (
				en,
				Base,
			);
			mainGroup = 0A125B751D6C503E00EC9126;
			productRefGroup = 0A125B7F1D6C503E00EC9126 /* Products */;
			projectDirPath = "";
			projectRoot = "";
			targets = (
				0A125B7D1D6C503E00EC9126 /* HLJCycleScrollView */,
			);
		};
/* End PBXProject section */

/* Begin PBXResourcesBuildPhase section */
		0A125B7C1D6C503E00EC9126 /* Resources */ = {
			isa = PBXResourcesBuildPhase;
			buildActionMask = 2147483647;
			files = (
				0A125B911D6C503E00EC9126 /* LaunchScreen.storyboard in Resources */,
				0A125B8E1D6C503E00EC9126 /* Assets.xcassets in Resources */,
			);
			runOnlyForDeploymentPostprocessing = 0;
		};
/* End PBXResourcesBuildPhase section */

/* Begin PBXSourcesBuildPhase section */
		0A125B7A1D6C503E00EC9126 /* Sources */ = {
			isa = PBXSourcesBuildPhase;
			buildActionMask = 2147483647;
			files = (
				0A125B891D6C503E00EC9126 /* ViewController.m in Sources */,
				0A125BCE1D6E8B5600EC9126 /* UIImageView+HighlightedWebCache.m in Sources */,
				0A125BCF1D6E8B5600EC9126 /* UIImageView+WebCache.m in Sources */,
				0A125BCD1D6E8B5600EC9126 /* UIImage+WebP.m in Sources */,
				0A125BC91D6E8B5600EC9126 /* SDWebImagePrefetcher.m in Sources */,
				0A125B861D6C503E00EC9126 /* AppDelegate.m in Sources */,
				0A125BC51D6E8B5600EC9126 /* SDWebImageDecoder.m in Sources */,
				0A125BE31D6EDDFD00EC9126 /* ItemModel.m in Sources */,
				0A125BC61D6E8B5600EC9126 /* SDWebImageDownloader.m in Sources */,
				0A125B831D6C503E00EC9126 /* main.m in Sources */,
				0A125BC81D6E8B5600EC9126 /* SDWebImageManager.m in Sources */,
				0A125BD01D6E8B5600EC9126 /* UIView+WebCacheOperation.m in Sources */,
				0A125BF11D6F007800EC9126 /* HomeLeftImageRightTitleTableCell.m in Sources */,
				0A125BEA1D6EFDFF00EC9126 /* HLJCycleScrollView.m in Sources */,
				0A125BCA1D6E8B5600EC9126 /* UIButton+WebCache.m in Sources */,
				0A125BCC1D6E8B5600EC9126 /* UIImage+MultiFormat.m in Sources */,
				0A125BC71D6E8B5600EC9126 /* SDWebImageDownloaderOperation.m in Sources */,
				0A125BED1D6EFFB900EC9126 /* HomeOnlyPicCollectionCell.m in Sources */,
				0A125BE71D6EFD7300EC9126 /* HomeOnlyPicScrollTableCell.m in Sources */,
				0A125BF41D6F00A900EC9126 /* HomeLeftImageRightTableCollectionCell.m in Sources */,
				0A125BCB1D6E8B5600EC9126 /* UIImage+GIF.m in Sources */,
				0A125BC41D6E8B5600EC9126 /* SDWebImageCompat.m in Sources */,
				0A125BC21D6E8B5600EC9126 /* NSData+ImageContentType.m in Sources */,
				0A125BC11D6E8B5600EC9126 /* MKAnnotationView+WebCache.m in Sources */,
				0A125BC31D6E8B5600EC9126 /* SDImageCache.m in Sources */,
			);
			runOnlyForDeploymentPostprocessing = 0;
		};
/* End PBXSourcesBuildPhase section */

/* Begin PBXVariantGroup section */
		0A125B8F1D6C503E00EC9126 /* LaunchScreen.storyboard */ = {
			isa = PBXVariantGroup;
			children = (
				0A125B901D6C503E00EC9126 /* Base */,
			);
			name = LaunchScreen.storyboard;
			sourceTree = "<group>";
		};
/* End PBXVariantGroup section */

/* Begin XCBuildConfiguration section */
		0A125B931D6C503E00EC9126 /* Debug */ = {
			isa = XCBuildConfiguration;
			buildSettings = {
				ALWAYS_SEARCH_USER_PATHS = NO;
				CLANG_ANALYZER_NONNULL = YES;
				CLANG_CXX_LANGUAGE_STANDARD = "gnu++0x";
				CLANG_CXX_LIBRARY = "libc++";
				CLANG_ENABLE_MODULES = YES;
				CLANG_ENABLE_OBJC_ARC = YES;
				CLANG_WARN_BOOL_CONVERSION = YES;
				CLANG_WARN_CONSTANT_CONVERSION = YES;
				CLANG_WARN_DIRECT_OBJC_ISA_USAGE = YES_ERROR;
				CLANG_WARN_EMPTY_BODY = YES;
				CLANG_WARN_ENUM_CONVERSION = YES;
				CLANG_WARN_INT_CONVERSION = YES;
				CLANG_WARN_OBJC_ROOT_CLASS = YES_ERROR;
				CLANG_WARN_UNREACHABLE_CODE = YES;
				CLANG_WARN__DUPLICATE_METHOD_MATCH = YES;
				"CODE_SIGN_IDENTITY[sdk=iphoneos*]" = "iPhone Developer";
				COPY_PHASE_STRIP = NO;
				DEBUG_INFORMATION_FORMAT = dwarf;
				ENABLE_STRICT_OBJC_MSGSEND = YES;
				ENABLE_TESTABILITY = YES;
				GCC_C_LANGUAGE_STANDARD = gnu99;
				GCC_DYNAMIC_NO_PIC = NO;
				GCC_NO_COMMON_BLOCKS = YES;
				GCC_OPTIMIZATION_LEVEL = 0;
				GCC_PREPROCESSOR_DEFINITIONS = (
					"DEBUG=1",
					"$(inherited)",
				);
				GCC_WARN_64_TO_32_BIT_CONVERSION = YES;
				GCC_WARN_ABOUT_RETURN_TYPE = YES_ERROR;
				GCC_WARN_UNDECLARED_SELECTOR = YES;
				GCC_WARN_UNINITIALIZED_AUTOS = YES_AGGRESSIVE;
				GCC_WARN_UNUSED_FUNCTION = YES;
				GCC_WARN_UNUSED_VARIABLE = YES;
				IPHONEOS_DEPLOYMENT_TARGET = 9.3;
				MTL_ENABLE_DEBUG_INFO = YES;
				ONLY_ACTIVE_ARCH = YES;
				SDKROOT = iphoneos;
			};
			name = Debug;
		};
		0A125B941D6C503E00EC9126 /* Release */ = {
			isa = XCBuildConfiguration;
			buildSettings = {
				ALWAYS_SEARCH_USER_PATHS = NO;
				CLANG_ANALYZER_NONNULL = YES;
				CLANG_CXX_LANGUAGE_STANDARD = "gnu++0x";
				CLANG_CXX_LIBRARY = "libc++";
				CLANG_ENABLE_MODULES = YES;
				CLANG_ENABLE_OBJC_ARC = YES;
				CLANG_WARN_BOOL_CONVERSION = YES;
				CLANG_WARN_CONSTANT_CONVERSION = YES;
				CLANG_WARN_DIRECT_OBJC_ISA_USAGE = YES_ERROR;
				CLANG_WARN_EMPTY_BODY = YES;
				CLANG_WARN_ENUM_CONVERSION = YES;
				CLANG_WARN_INT_CONVERSION = YES;
				CLANG_WARN_OBJC_ROOT_CLASS = YES_ERROR;
				CLANG_WARN_UNREACHABLE_CODE = YES;
				CLANG_WARN__DUPLICATE_METHOD_MATCH = YES;
				"CODE_SIGN_IDENTITY[sdk=iphoneos*]" = "iPhone Developer";
				COPY_PHASE_STRIP = NO;
				DEBUG_INFORMATION_FORMAT = "dwarf-with-dsym";
				ENABLE_NS_ASSERTIONS = NO;
				ENABLE_STRICT_OBJC_MSGSEND = YES;
				GCC_C_LANGUAGE_STANDARD = gnu99;
				GCC_NO_COMMON_BLOCKS = YES;
				GCC_WARN_64_TO_32_BIT_CONVERSION = YES;
				GCC_WARN_ABOUT_RETURN_TYPE = YES_ERROR;
				GCC_WARN_UNDECLARED_SELECTOR = YES;
				GCC_WARN_UNINITIALIZED_AUTOS = YES_AGGRESSIVE;
				GCC_WARN_UNUSED_FUNCTION = YES;
				GCC_WARN_UNUSED_VARIABLE = YES;
				IPHONEOS_DEPLOYMENT_TARGET = 9.3;
				MTL_ENABLE_DEBUG_INFO = NO;
				SDKROOT = iphoneos;
				VALIDATE_PRODUCT = YES;
			};
			name = Release;
		};
		0A125B961D6C503E00EC9126 /* Debug */ = {
			isa = XCBuildConfiguration;
			buildSettings = {
				ASSETCATALOG_COMPILER_APPICON_NAME = AppIcon;
				CODE_SIGN_IDENTITY = "iPhone Developer";
				INFOPLIST_FILE = HLJCycleScrollView/Info.plist;
				IPHONEOS_DEPLOYMENT_TARGET = 7.0;
				LD_RUNPATH_SEARCH_PATHS = "$(inherited) @executable_path/Frameworks";
				PRODUCT_BUNDLE_IDENTIFIER = com.helijia.HLJCycleScrollView;
				PRODUCT_NAME = "$(TARGET_NAME)";
			};
			name = Debug;
		};
		0A125B971D6C503E00EC9126 /* Release */ = {
			isa = XCBuildConfiguration;
			buildSettings = {
				ASSETCATALOG_COMPILER_APPICON_NAME = AppIcon;
				CODE_SIGN_IDENTITY = "iPhone Developer";
				INFOPLIST_FILE = HLJCycleScrollView/Info.plist;
				IPHONEOS_DEPLOYMENT_TARGET = 7.0;
				LD_RUNPATH_SEARCH_PATHS = "$(inherited) @executable_path/Frameworks";
				PRODUCT_BUNDLE_IDENTIFIER = com.helijia.HLJCycleScrollView;
				PRODUCT_NAME = "$(TARGET_NAME)";
			};
			name = Release;
		};
/* End XCBuildConfiguration section */

/* Begin XCConfigurationList section */
		0A125B791D6C503E00EC9126 /* Build configuration list for PBXProject "HLJCycleScrollView" */ = {
			isa = XCConfigurationList;
			buildConfigurations = (
				0A125B931D6C503E00EC9126 /* Debug */,
				0A125B941D6C503E00EC9126 /* Release */,
			);
			defaultConfigurationIsVisible = 0;
			defaultConfigurationName = Release;
		};
		0A125B951D6C503E00EC9126 /* Build configuration list for PBXNativeTarget "HLJCycleScrollView" */ = {
			isa = XCConfigurationList;
			buildConfigurations = (
				0A125B961D6C503E00EC9126 /* Debug */,
				0A125B971D6C503E00EC9126 /* Release */,
			);
			defaultConfigurationIsVisible = 0;
			defaultConfigurationName = Release;
		};
/* End XCConfigurationList section */
	};
	rootObject = 0A125B761D6C503E00EC9126 /* Project object */;
}
